Microsoft Visual Studio Solution File, Format Version 12.00
# Visual Studio Version 17
VisualStudioVersion = 17.5.2.0
MinimumVisualStudioVersion = 10.0.40219.1
Project("{FAE04EC0-301F-11D3-BF4B-00C04F79EFBC}") = "knowledge night", "knowledge night.csproj", "{DE1427B6-CFF1-3F61-8785-04A19925C54E}"
EndProject
Global
	GlobalSection(SolutionConfigurationPlatforms) = preSolution
		Debug|Any CPU = Debug|Any CPU
		Release|Any CPU = Release|Any CPU
	EndGlobalSection
	GlobalSection(ProjectConfigurationPlatforms) = postSolution
		{DE1427B6-CFF1-3F61-8785-04A19925C54E}.Debug|Any CPU.ActiveCfg = Debug|Any CPU
		{DE1427B6-CFF1-3F61-8785-04A19925C54E}.Debug|Any CPU.Build.0 = Debug|Any CPU
		{DE1427B6-CFF1-3F61-8785-04A19925C54E}.Release|Any CPU.ActiveCfg = Release|Any CPU
		{DE1427B6-CFF1-3F61-8785-04A19925C54E}.Release|Any CPU.Build.0 = Release|Any CPU
	EndGlobalSection
	GlobalSection(SolutionProperties) = preSolution
		HideSolutionNode = FALSE
	EndGlobalSection
	GlobalSection(ExtensibilityGlobals) = postSolution
		SolutionGuid = {536F8F83-287C-4CEB-8411-D3AB9A328F3C}
	EndGlobalSection
EndGlobal
